// !$*UTF8*$!
{
	archiveVersion = 1;
	classes = {
	};
	objectVersion = 46;
	objects = {

/* Begin PBXBuildFile section */
		2D63AD311C4A15AD00C3A1AE /* main.m in Sources */ = {isa = PBXBuildFile; fileRef = 2D63AD301C4A15AD00C3A1AE /* main.m */; };
		2D63AD341C4A15AD00C3A1AE /* AppDelegate.m in Sources */ = {isa = PBXBuildFile; fileRef = 2D63AD331C4A15AD00C3A1AE /* AppDelegate.m */; };
		2D63AD371C4A15AD00C3A1AE /* ViewController.m in Sources */ = {isa = PBXBuildFile; fileRef = 2D63AD361C4A15AD00C3A1AE /* ViewController.m */; };
		2D63AD3A1C4A15AD00C3A1AE /* Main.storyboard in Resources */ = {isa = PBXBuildFile; fileRef = 2D63AD381C4A15AD00C3A1AE /* Main.storyboard */; };
		2D63AD3C1C4A15AD00C3A1AE /* Assets.xcassets in Resources */ = {isa = PBXBuildFile; fileRef = 2D63AD3B1C4A15AD00C3A1AE /* Assets.xcassets */; };
		2D63AD3F1C4A15AD00C3A1AE /* LaunchScreen.storyboard in Resources */ = {isa = PBXBuildFile; fileRef = 2D63AD3D1C4A15AD00C3A1AE /* LaunchScreen.storyboard */; };
		2D63AD4A1C4A15AE00C3A1AE /* BabyHealthTests.m in Sources */ = {isa = PBXBuildFile; fileRef = 2D63AD491C4A15AE00C3A1AE /* BabyHealthTests.m */; };
		2D63AD551C4A15AE00C3A1AE /* BabyHealthUITests.m in Sources */ = {isa = PBXBuildFile; fileRef = 2D63AD541C4A15AE00C3A1AE /* BabyHealthUITests.m */; };
/* End PBXBuildFile section */

/* Begin PBXContainerItemProxy section */
		2D63AD461C4A15AE00C3A1AE /* PBXContainerItemProxy */ = {
			isa = PBXContainerItemProxy;
			containerPortal = 2D63AD241C4A15AD00C3A1AE /* Project object */;
			proxyType = 1;
			remoteGlobalIDString = 2D63AD2B1C4A15AD00C3A1AE;
			remoteInfo = BabyHealth;
		};
		2D63AD511C4A15AE00C3A1AE /* PBXContainerItemProxy */ = {
			isa = PBXContainerItemProxy;
			containerPortal = 2D63AD241C4A15AD00C3A1AE /* Project object */;
			proxyType = 1;
			remoteGlobalIDString = 2D63AD2B1C4A15AD00C3A1AE;
			remoteInfo = BabyHealth;
		};
/* End PBXContainerItemProxy section */

/* Begin PBXFileReference section */
		2D63AD2C1C4A15AD00C3A1AE /* BabyHealth.app */ = {isa = PBXFileReference; explicitFileType = wrapper.application; includeInIndex = 0; path = BabyHealth.app; sourceTree = BUILT_PRODUCTS_DIR; };
		2D63AD301C4A15AD00C3A1AE /* main.m */ = {isa = PBXFileReference; lastKnownFileType = sourcecode.c.objc; path = main.m; sourceTree = "<group>"; };
		2D63AD321C4A15AD00C3A1AE /* AppDelegate.h */ = {isa = PBXFileReference; lastKnownFileType = sourcecode.c.h; path = AppDelegate.h; sourceTree = "<group>"; };
		2D63AD331C4A15AD00C3A1AE /* AppDelegate.m */ = {isa = PBXFileReference; lastKnownFileType = sourcecode.c.objc; path = AppDelegate.m; sourceTree = "<group>"; };
		2D63AD351C4A15AD00C3A1AE /* ViewController.h */ = {isa = PBXFileReference; lastKnownFileType = sourcecode.c.h; path = ViewController.h; sourceTree = "<group>"; };
		2D63AD361C4A15AD00C3A1AE /* ViewController.m */ = {isa = PBXFileReference; lastKnownFileType = sourcecode.c.objc; path = ViewController.m; sourceTree = "<group>"; };
		2D63AD391C4A15AD00C3A1AE /* Base */ = {isa = PBXFileReference; lastKnownFileType = file.storyboard; name = Base; path = Base.lproj/Main.storyboard; sourceTree = "<group>"; };
		2D63AD3B1C4A15AD00C3A1AE /* Assets.xcassets */ = {isa = PBXFileReference; lastKnownFileType = folder.assetcatalog; path = Assets.xcassets; sourceTree = "<group>"; };
		2D63AD3E1C4A15AD00C3A1AE /* Base */ = {isa = PBXFileReference; lastKnownFileType = file.storyboard; name = Base; path = Base.lproj/LaunchScreen.storyboard; sourceTree = "<group>"; };
		2D63AD401C4A15AD00C3A1AE /* Info.plist */ = {isa = PBXFileReference; lastKnownFileType = text.plist.xml; path = Info.plist; sourceTree = "<group>"; };
		2D63AD451C4A15AE00C3A1AE /* BabyHealthTests.xctest */ = {isa = PBXFileReference; explicitFileType = wrapper.cfbundle; includeInIndex = 0; path = BabyHealthTests.xctest; sourceTree = BUILT_PRODUCTS_DIR; };
		2D63AD491C4A15AE00C3A1AE /* BabyHealthTests.m */ = {isa = PBXFileReference; lastKnownFileType = sourcecode.c.objc; path = BabyHealthTests.m; sourceTree = "<group>"; };
		2D63AD4B1C4A15AE00C3A1AE /* Info.plist */ = {isa = PBXFileReference; lastKnownFileType = text.plist.xml; path = Info.plist; sourceTree = "<group>"; };
		2D63AD501C4A15AE00C3A1AE /* BabyHealthUITests.xctest */ = {isa = PBXFileReference; explicitFileType = wrapper.cfbundle; includeInIndex = 0; path = BabyHealthUITests.xctest; sourceTree = BUILT_PRODUCTS_DIR; };
		2D63AD541C4A15AE00C3A1AE /* BabyHealthUITests.m */ = {isa = PBXFileReference; lastKnownFileType = sourcecode.c.objc; path = BabyHealthUITests.m; sourceTree = "<group>"; };
		2D63AD561C4A15AE00C3A1AE /* Info.plist */ = {isa = PBXFileReference; lastKnownFileType = text.plist.xml; path = Info.plist; sourceTree = "<group>"; };
/* End PBXFileReference section */

/* Begin PBXFrameworksBuildPhase section */
		2D63AD291C4A15AD00C3A1AE /* Frameworks */ = {
			isa = PBXFrameworksBuildPhase;
			buildActionMask = 2147483647;
			files = (
			);
			runOnlyForDeploymentPostprocessing = 0;
		};
		2D63AD421C4A15AE00C3A1AE /* Frameworks */ = {
			isa = PBXFrameworksBuildPhase;
			buildActionMask = 2147483647;
			files = (
			);
			runOnlyForDeploymentPostprocessing = 0;
		};
		2D63AD4D1C4A15AE00C3A1AE /* Frameworks */ = {
			isa = PBXFrameworksBuildPhase;
			buildActionMask = 2147483647;
			files = (
			);
			runOnlyForDeploymentPostprocessing = 0;
		};
/* End PBXFrameworksBuildPhase section */

/* Begin PBXGroup section */
		2D63AD231C4A15AD00C3A1AE = {
			isa = PBXGroup;
			children = (
				2D63AD2E1C4A15AD00C3A1AE /* BabyHealth */,
				2D63AD481C4A15AE00C3A1AE /* BabyHealthTests */,
				2D63AD531C4A15AE00C3A1AE /* BabyHealthUITests */,
				2D63AD2D1C4A15AD00C3A1AE /* Products */,
			);
			sourceTree = "<group>";
		};
		2D63AD2D1C4A15AD00C3A1AE /* Products */ = {
			isa = PBXGroup;
			children = (
				2D63AD2C1C4A15AD00C3A1AE /* BabyHealth.app */,
				2D63AD451C4A15AE00C3A1AE /* BabyHealthTests.xctest */,
				2D63AD501C4A15AE00C3A1AE /* BabyHealthUITests.xctest */,
			);
			name = Products;
			sourceTree = "<group>";
		};
		2D63AD2E1C4A15AD00C3A1AE /* BabyHealth */ = {
			isa = PBXGroup;
			children = (
				2D63AD321C4A15AD00C3A1AE /* AppDelegate.h */,
				2D63AD331C4A15AD00C3A1AE /* AppDelegate.m */,
				2D63AD351C4A15AD00C3A1AE /* ViewController.h */,
				2D63AD361C4A15AD00C3A1AE /* ViewController.m */,
				2D63AD381C4A15AD00C3A1AE /* Main.storyboard */,
				2D63AD3B1C4A15AD00C3A1AE /* Assets.xcassets */,
				2D63AD3D1C4A15AD00C3A1AE /* LaunchScreen.storyboard */,
				2D63AD401C4A15AD00C3A1AE /* Info.plist */,
				2D63AD2F1C4A15AD00C3A1AE /* Supporting Files */,
			);
			path = BabyHealth;
			sourceTree = "<group>";
		};
		2D63AD2F1C4A15AD00C3A1AE /* Supporting Files */ = {
			isa = PBXGroup;
			children = (
				2D63AD301C4A15AD00C3A1AE /* main.m */,
			);
			name = "Supporting Files";
			sourceTree = "<group>";
		};
		2D63AD481C4A15AE00C3A1AE /* BabyHealthTests */ = {
			isa = PBXGroup;
			children = (
				2D63AD491C4A15AE00C3A1AE /* BabyHealthTests.m */,
				2D63AD4B1C4A15AE00C3A1AE /* Info.plist */,
			);
			path = BabyHealthTests;
			sourceTree = "<group>";
		};
		2D63AD531C4A15AE00C3A1AE /* BabyHealthUITests */ = {
			isa = PBXGroup;
			children = (
				2D63AD541C4A15AE00C3A1AE /* BabyHealthUITests.m */,
				2D63AD561C4A15AE00C3A1AE /* Info.plist */,
			);
			path = BabyHealthUITests;
			sourceTree = "<group>";
		};
/* End PBXGroup section */

/* Begin PBXNativeTarget section */
		2D63AD2B1C4A15AD00C3A1AE /* BabyHealth */ = {
			isa = PBXNativeTarget;
			buildConfigurationList = 2D63AD591C4A15AE00C3A1AE /* Build configuration list for PBXNativeTarget "BabyHealth" */;
			buildPhases = (
				2D63AD281C4A15AD00C3A1AE /* Sources */,
				2D63AD291C4A15AD00C3A1AE /* Frameworks */,
				2D63AD2A1C4A15AD00C3A1AE /* Resources */,
			);
			buildRules = (
			);
			dependencies = (
			);
			name = BabyHealth;
			productName = BabyHealth;
			productReference = 2D63AD2C1C4A15AD00C3A1AE /* BabyHealth.app */;
			productType = "com.apple.product-type.application";
		};
		2D63AD441C4A15AE00C3A1AE /* BabyHealthTests */ = {
			isa = PBXNativeTarget;
			buildConfigurationList = 2D63AD5C1C4A15AE00C3A1AE /* Build configuration list for PBXNativeTarget "BabyHealthTests" */;
			buildPhases = (
				2D63AD411C4A15AE00C3A1AE /* Sources */,
				2D63AD421C4A15AE00C3A1AE /* Frameworks */,
				2D63AD431C4A15AE00C3A1AE /* Resources */,
			);
			buildRules = (
			);
			dependencies = (
				2D63AD471C4A15AE00C3A1AE /* PBXTargetDependency */,
			);
			name = BabyHealthTests;
			productName = BabyHealthTests;
			productReference = 2D63AD451C4A15AE00C3A1AE /* BabyHealthTests.xctest */;
			productType = "com.apple.product-type.bundle.unit-test";
		};
		2D63AD4F1C4A15AE00C3A1AE /* BabyHealthUITests */ = {
			isa = PBXNativeTarget;
			buildConfigurationList = 2D63AD5F1C4A15AE00C3A1AE /* Build configuration list for PBXNativeTarget "BabyHealthUITests" */;
			buildPhases = (
				2D63AD4C1C4A15AE00C3A1AE /* Sources */,
				2D63AD4D1C4A15AE00C3A1AE /* Frameworks */,
				2D63AD4E1C4A15AE00C3A1AE /* Resources */,
			);
			buildRules = (
			);
			dependencies = (
				2D63AD521C4A15AE00C3A1AE /* PBXTargetDependency */,
			);
			name = BabyHealthUITests;
			productName = BabyHealthUITests;
			productReference = 2D63AD501C4A15AE00C3A1AE /* BabyHealthUITests.xctest */;
			productType = "com.apple.product-type.bundle.ui-testing";
		};
/* End PBXNativeTarget section */

/* Begin PBXProject section */
		2D63AD241C4A15AD00C3A1AE /* Project object */ = {
			isa = PBXProject;
			attributes = {
				LastUpgradeCheck = 0720;
				ORGANIZATIONNAME = "陈旭";
				TargetAttributes = {
					2D63AD2B1C4A15AD00C3A1AE = {
						CreatedOnToolsVersion = 7.2;
					};
					2D63AD441C4A15AE00C3A1AE = {
						CreatedOnToolsVersion = 7.2;
						TestTargetID = 2D63AD2B1C4A15AD00C3A1AE;
					};
					2D63AD4F1C4A15AE00C3A1AE = {
						CreatedOnToolsVersion = 7.2;
						TestTargetID = 2D63AD2B1C4A15AD00C3A1AE;
					};
				};
			};
			buildConfigurationList = 2D63AD271C4A15AD00C3A1AE /* Build configuration list for PBXProject "BabyHealth" */;
			compatibilityVersion = "Xcode 3.2";
			developmentRegion = English;
			hasScannedForEncodings = 0;
			knownRegions = (
				en,
				Base,
			);
			mainGroup = 2D63AD231C4A15AD00C3A1AE;
			productRefGroup = 2D63AD2D1C4A15AD00C3A1AE /* Products */;
			projectDirPath = "";
			projectRoot = "";
			targets = (
				2D63AD2B1C4A15AD00C3A1AE /* BabyHealth */,
				2D63AD441C4A15AE00C3A1AE /* BabyHealthTests */,
				2D63AD4F1C4A15AE00C3A1AE /* BabyHealthUITests */,
			);
		};
/* End PBXProject section */

/* Begin PBXResourcesBuildPhase section */
		2D63AD2A1C4A15AD00C3A1AE /* Resources */ = {
			isa = PBXResourcesBuildPhase;
			buildActionMask = 2147483647;
			files = (
				2D63AD3F1C4A15AD00C3A1AE /* LaunchScreen.storyboard in Resources */,
				2D63AD3C1C4A15AD00C3A1AE /* Assets.xcassets in Resources */,
				2D63AD3A1C4A15AD00C3A1AE /* Main.storyboard in Resources */,
			);
			runOnlyForDeploymentPostprocessing = 0;
		};
		2D63AD431C4A15AE00C3A1AE /* Resources */ = {
			isa = PBXResourcesBuildPhase;
			buildActionMask = 2147483647;
			files = (
			);
			runOnlyForDeploymentPostprocessing = 0;
		};
		2D63AD4E1C4A15AE00C3A1AE /* Resources */ = {
			isa = PBXResourcesBuildPhase;
			buildActionMask = 2147483647;
			files = (
			);
			runOnlyForDeploymentPostprocessing = 0;
		};
/* End PBXResourcesBuildPhase section */

/* Begin PBXSourcesBuildPhase section */
		2D63AD281C4A15AD00C3A1AE /* Sources */ = {
			isa = PBXSourcesBuildPhase;
			buildActionMask = 2147483647;
			files = (
				2D63AD371C4A15AD00C3A1AE /* ViewController.m in Sources */,
				2D63AD341C4A15AD00C3A1AE /* AppDelegate.m in Sources */,
				2D63AD311C4A15AD00C3A1AE /* main.m in Sources */,
			);
			runOnlyForDeploymentPostprocessing = 0;
		};
		2D63AD411C4A15AE00C3A1AE /* Sources */ = {
			isa = PBXSourcesBuildPhase;
			buildActionMask = 2147483647;
			files = (
				2D63AD4A1C4A15AE00C3A1AE /* BabyHealthTests.m in Sources */,
			);
			runOnlyForDeploymentPostprocessing = 0;
		};
		2D63AD4C1C4A15AE00C3A1AE /* Sources */ = {
			isa = PBXSourcesBuildPhase;
			buildActionMask = 2147483647;
			files = (
				2D63AD551C4A15AE00C3A1AE /* BabyHealthUITests.m in Sources */,
			);
			runOnlyForDeploymentPostprocessing = 0;
		};
/* End PBXSourcesBuildPhase section */

/* Begin PBXTargetDependency section */
		2D63AD471C4A15AE00C3A1AE /* PBXTargetDependency */ = {
			isa = PBXTargetDependency;
			target = 2D63AD2B1C4A15AD00C3A1AE /* BabyHealth */;
			targetProxy = 2D63AD461C4A15AE00C3A1AE /* PBXContainerItemProxy */;
		};
		2D63AD521C4A15AE00C3A1AE /* PBXTargetDependency */ = {
			isa = PBXTargetDependency;
			target = 2D63AD2B1C4A15AD00C3A1AE /* BabyHealth */;
			targetProxy = 2D63AD511C4A15AE00C3A1AE /* PBXContainerItemProxy */;
		};
/* End PBXTargetDependency section */

/* Begin PBXVariantGroup section */
		2D63AD381C4A15AD00C3A1AE /* Main.storyboard */ = {
			isa = PBXVariantGroup;
			children = (
				2D63AD391C4A15AD00C3A1AE /* Base */,
			);
			name = Main.storyboard;
			sourceTree = "<group>";
		};
		2D63AD3D1C4A15AD00C3A1AE /* LaunchScreen.storyboard */ = {
			isa = PBXVariantGroup;
			children = (
				2D63AD3E1C4A15AD00C3A1AE /* Base */,
			);
			name = LaunchScreen.storyboard;
			sourceTree = "<group>";
		};
/* End PBXVariantGroup section */

/* Begin XCBuildConfiguration section */
		2D63AD571C4A15AE00C3A1AE /* Debug */ = {
			isa = XCBuildConfiguration;
			buildSettings = {
				ALWAYS_SEARCH_USER_PATHS = NO;
				CLANG_CXX_LANGUAGE_STANDARD = "gnu++0x";
				CLANG_CXX_LIBRARY = "libc++";
				CLANG_ENABLE_MODULES = YES;
				CLANG_ENABLE_OBJC_ARC = YES;
				CLANG_WARN_BOOL_CONVERSION = YES;
				CLANG_WARN_CONSTANT_CONVERSION = YES;
				CLANG_WARN_DIRECT_OBJC_ISA_USAGE = YES_ERROR;
				CLANG_WARN_EMPTY_BODY = YES;
				CLANG_WARN_ENUM_CONVERSION = YES;
				CLANG_WARN_INT_CONVERSION = YES;
				CLANG_WARN_OBJC_ROOT_CLASS = YES_ERROR;
				CLANG_WARN_UNREACHABLE_CODE = YES;
				CLANG_WARN__DUPLICATE_METHOD_MATCH = YES;
				"CODE_SIGN_IDENTITY[sdk=iphoneos*]" = "iPhone Developer";
				COPY_PHASE_STRIP = NO;
				DEBUG_INFORMATION_FORMAT = dwarf;
				ENABLE_STRICT_OBJC_MSGSEND = YES;
				ENABLE_TESTABILITY = YES;
				GCC_C_LANGUAGE_STANDARD = gnu99;
				GCC_DYNAMIC_NO_PIC = NO;
				GCC_NO_COMMON_BLOCKS = YES;
				GCC_OPTIMIZATION_LEVEL = 0;
				GCC_PREPROCESSOR_DEFINITIONS = (
					"DEBUG=1",
					"$(inherited)",
				);
				GCC_WARN_64_TO_32_BIT_CONVERSION = YES;
				GCC_WARN_ABOUT_RETURN_TYPE = YES_ERROR;
				GCC_WARN_UNDECLARED_SELECTOR = YES;
				GCC_WARN_UNINITIALIZED_AUTOS = YES_AGGRESSIVE;
				GCC_WARN_UNUSED_FUNCTION = YES;
				GCC_WARN_UNUSED_VARIABLE = YES;
				IPHONEOS_DEPLOYMENT_TARGET = 9.2;
				MTL_ENABLE_DEBUG_INFO = YES;
				ONLY_ACTIVE_ARCH = YES;
				SDKROOT = iphoneos;
			};
			name = Debug;
		};
		2D63AD581C4A15AE00C3A1AE /* Release */ = {
			isa = XCBuildConfiguration;
			buildSettings = {
				ALWAYS_SEARCH_USER_PATHS = NO;
				CLANG_CXX_LANGUAGE_STANDARD = "gnu++0x";
				CLANG_CXX_LIBRARY = "libc++";
				CLANG_ENABLE_MODULES = YES;
				CLANG_ENABLE_OBJC_ARC = YES;
				CLANG_WARN_BOOL_CONVERSION = YES;
				CLANG_WARN_CONSTANT_CONVERSION = YES;
				CLANG_WARN_DIRECT_OBJC_ISA_USAGE = YES_ERROR;
				CLANG_WARN_EMPTY_BODY = YES;
				CLANG_WARN_ENUM_CONVERSION = YES;
				CLANG_WARN_INT_CONVERSION = YES;
				CLANG_WARN_OBJC_ROOT_CLASS = YES_ERROR;
				CLANG_WARN_UNREACHABLE_CODE = YES;
				CLANG_WARN__DUPLICATE_METHOD_MATCH = YES;
				"CODE_SIGN_IDENTITY[sdk=iphoneos*]" = "iPhone Developer";
				COPY_PHASE_STRIP = NO;
				DEBUG_INFORMATION_FORMAT = "dwarf-with-dsym";
				ENABLE_NS_ASSERTIONS = NO;
				ENABLE_STRICT_OBJC_MSGSEND = YES;
				GCC_C_LANGUAGE_STANDARD = gnu99;
				GCC_NO_COMMON_BLOCKS = YES;
				GCC_WARN_64_TO_32_BIT_CONVERSION = YES;
				GCC_WARN_ABOUT_RETURN_TYPE = YES_ERROR;
				GCC_WARN_UNDECLARED_SELECTOR = YES;
				GCC_WARN_UNINITIALIZED_AUTOS = YES_AGGRESSIVE;
				GCC_WARN_UNUSED_FUNCTION = YES;
				GCC_WARN_UNUSED_VARIABLE = YES;
				IPHONEOS_DEPLOYMENT_TARGET = 9.2;
				MTL_ENABLE_DEBUG_INFO = NO;
				SDKROOT = iphoneos;
				VALIDATE_PRODUCT = YES;
			};
			name = Release;
		};
		2D63AD5A1C4A15AE00C3A1AE /* Debug */ = {
			isa = XCBuildConfiguration;
			buildSettings = {
				ASSETCATALOG_COMPILER_APPICON_NAME = AppIcon;
				INFOPLIST_FILE = BabyHealth/Info.plist;
				LD_RUNPATH_SEARCH_PATHS = "$(inherited) @executable_path/Frameworks";
				PRODUCT_BUNDLE_IDENTIFIER = ChenXu.BabyHealth;
				PRODUCT_NAME = "$(TARGET_NAME)";
			};
			name = Debug;
		};
		2D63AD5B1C4A15AE00C3A1AE /* Release */ = {
			isa = XCBuildConfiguration;
			buildSettings = {
				ASSETCATALOG_COMPILER_APPICON_NAME = AppIcon;
				INFOPLIST_FILE = BabyHealth/Info.plist;
				LD_RUNPATH_SEARCH_PATHS = "$(inherited) @executable_path/Frameworks";
				PRODUCT_BUNDLE_IDENTIFIER = ChenXu.BabyHealth;
				PRODUCT_NAME = "$(TARGET_NAME)";
			};
			name = Release;
		};
		2D63AD5D1C4A15AE00C3A1AE /* Debug */ = {
			isa = XCBuildConfiguration;
			buildSettings = {
				BUNDLE_LOADER = "$(TEST_HOST)";
				INFOPLIST_FILE = BabyHealthTests/Info.plist;
				LD_RUNPATH_SEARCH_PATHS = "$(inherited) @executable_path/Frameworks @loader_path/Frameworks";
				PRODUCT_BUNDLE_IDENTIFIER = ChenXu.BabyHealthTests;
				PRODUCT_NAME = "$(TARGET_NAME)";
				TEST_HOST = "$(BUILT_PRODUCTS_DIR)/BabyHealth.app/BabyHealth";
			};
			name = Debug;
		};
		2D63AD5E1C4A15AE00C3A1AE /* Release */ = {
			isa = XCBuildConfiguration;
			buildSettings = {
				BUNDLE_LOADER = "$(TEST_HOST)";
				INFOPLIST_FILE = BabyHealthTests/Info.plist;
				LD_RUNPATH_SEARCH_PATHS = "$(inherited) @executable_path/Frameworks @loader_path/Frameworks";
				PRODUCT_BUNDLE_IDENTIFIER = ChenXu.BabyHealthTests;
				PRODUCT_NAME = "$(TARGET_NAME)";
				TEST_HOST = "$(BUILT_PRODUCTS_DIR)/BabyHealth.app/BabyHealth";
			};
			name = Release;
		};
		2D63AD601C4A15AE00C3A1AE /* Debug */ = {
			isa = XCBuildConfiguration;
			buildSettings = {
				INFOPLIST_FILE = BabyHealthUITests/Info.plist;
				LD_RUNPATH_SEARCH_PATHS = "$(inherited) @executable_path/Frameworks @loader_path/Frameworks";
				PRODUCT_BUNDLE_IDENTIFIER = ChenXu.BabyHealthUITests;
				PRODUCT_NAME = "$(TARGET_NAME)";
				TEST_TARGET_NAME = BabyHealth;
				USES_XCTRUNNER = YES;
			};
			name = Debug;
		};
		2D63AD611C4A15AE00C3A1AE /* Release */ = {
			isa = XCBuildConfiguration;
			buildSettings = {
				INFOPLIST_FILE = BabyHealthUITests/Info.plist;
				LD_RUNPATH_SEARCH_PATHS = "$(inherited) @executable_path/Frameworks @loader_path/Frameworks";
				PRODUCT_BUNDLE_IDENTIFIER = ChenXu.BabyHealthUITests;
				PRODUCT_NAME = "$(TARGET_NAME)";
				TEST_TARGET_NAME = BabyHealth;
				USES_XCTRUNNER = YES;
			};
			name = Release;
		};
/* End XCBuildConfiguration section */

/* Begin XCConfigurationList section */
		2D63AD271C4A15AD00C3A1AE /* Build configuration list for PBXProject "BabyHealth" */ = {
			isa = XCConfigurationList;
			buildConfigurations = (
				2D63AD571C4A15AE00C3A1AE /* Debug */,
				2D63AD581C4A15AE00C3A1AE /* Release */,
			);
			defaultConfigurationIsVisible = 0;
			defaultConfigurationName = Release;
		};
		2D63AD591C4A15AE00C3A1AE /* Build configuration list for PBXNativeTarget "BabyHealth" */ = {
			isa = XCConfigurationList;
			buildConfigurations = (
				2D63AD5A1C4A15AE00C3A1AE /* Debug */,
				2D63AD5B1C4A15AE00C3A1AE /* Release */,
			);
			defaultConfigurationIsVisible = 0;
		};
		2D63AD5C1C4A15AE00C3A1AE /* Build configuration list for PBXNativeTarget "BabyHealthTests" */ = {
			isa = XCConfigurationList;
			buildConfigurations = (
				2D63AD5D1C4A15AE00C3A1AE /* Debug */,
				2D63AD5E1C4A15AE00C3A1AE /* Release */,
			);
			defaultConfigurationIsVisible = 0;
		};
		2D63AD5F1C4A15AE00C3A1AE /* Build configuration list for PBXNativeTarget "BabyHealthUITests" */ = {
			isa = XCConfigurationList;
			buildConfigurations = (
				2D63AD601C4A15AE00C3A1AE /* Debug */,
				2D63AD611C4A15AE00C3A1AE /* Release */,
			);
			defaultConfigurationIsVisible = 0;
		};
/* End XCConfigurationList section */
	};
	rootObject = 2D63AD241C4A15AD00C3A1AE /* Project object */;
}
