// !$*UTF8*$!
{
	archiveVersion = 1;
	classes = {
	};
	objectVersion = 46;
	objects = {

/* Begin PBXBuildFile section */
		2D16BB871C4C7A43000C9573 /* XXCheckCell.m in Sources */ = {isa = PBXBuildFile; fileRef = 2D16BB861C4C7A43000C9573 /* XXCheckCell.m */; };
		2D16BB981C4C88AC000C9573 /* XXCheckButton.m in Sources */ = {isa = PBXBuildFile; fileRef = 2D16BB971C4C88AC000C9573 /* XXCheckButton.m */; };
		2D16BB9C1C4C94D2000C9573 /* DLRadioButton.m in Sources */ = {isa = PBXBuildFile; fileRef = 2D16BB9B1C4C94D2000C9573 /* DLRadioButton.m */; };
		2D63AD3A1C4A15AD00C3A1AE /* Main.storyboard in Resources */ = {isa = PBXBuildFile; fileRef = 2D63AD381C4A15AD00C3A1AE /* Main.storyboard */; };
		2D63AD3C1C4A15AD00C3A1AE /* Assets.xcassets in Resources */ = {isa = PBXBuildFile; fileRef = 2D63AD3B1C4A15AD00C3A1AE /* Assets.xcassets */; };
		2D63AD3F1C4A15AD00C3A1AE /* LaunchScreen.storyboard in Resources */ = {isa = PBXBuildFile; fileRef = 2D63AD3D1C4A15AD00C3A1AE /* LaunchScreen.storyboard */; };
		2D63AD4A1C4A15AE00C3A1AE /* BabyHealthTests.m in Sources */ = {isa = PBXBuildFile; fileRef = 2D63AD491C4A15AE00C3A1AE /* BabyHealthTests.m */; };
		2D63AD551C4A15AE00C3A1AE /* BabyHealthUITests.m in Sources */ = {isa = PBXBuildFile; fileRef = 2D63AD541C4A15AE00C3A1AE /* BabyHealthUITests.m */; };
		2D63AD7C1C4A291100C3A1AE /* XXHomeViewController.m in Sources */ = {isa = PBXBuildFile; fileRef = 2D63AD6F1C4A291100C3A1AE /* XXHomeViewController.m */; };
		2D63AD7D1C4A291100C3A1AE /* AppDelegate.m in Sources */ = {isa = PBXBuildFile; fileRef = 2D63AD741C4A291100C3A1AE /* AppDelegate.m */; };
		2D63AD7E1C4A291100C3A1AE /* main.m in Sources */ = {isa = PBXBuildFile; fileRef = 2D63AD751C4A291100C3A1AE /* main.m */; };
		2D63AD7F1C4A291100C3A1AE /* XXSliderCell.m in Sources */ = {isa = PBXBuildFile; fileRef = 2D63AD791C4A291100C3A1AE /* XXSliderCell.m */; };
		2D63AD801C4A291100C3A1AE /* XXSliderCell.xib in Resources */ = {isa = PBXBuildFile; fileRef = 2D63AD7A1C4A291100C3A1AE /* XXSliderCell.xib */; };
		2D63AD941C4A294B00C3A1AE /* NSDate+Extension.m in Sources */ = {isa = PBXBuildFile; fileRef = 2D63AD831C4A294B00C3A1AE /* NSDate+Extension.m */; };
		2D63AD951C4A294B00C3A1AE /* NSString+CZ.m in Sources */ = {isa = PBXBuildFile; fileRef = 2D63AD851C4A294B00C3A1AE /* NSString+CZ.m */; };
		2D63AD961C4A294B00C3A1AE /* NSString+Emoji.m in Sources */ = {isa = PBXBuildFile; fileRef = 2D63AD871C4A294B00C3A1AE /* NSString+Emoji.m */; };
		2D63AD971C4A294B00C3A1AE /* NSString+Extension.m in Sources */ = {isa = PBXBuildFile; fileRef = 2D63AD891C4A294B00C3A1AE /* NSString+Extension.m */; };
		2D63AD981C4A294B00C3A1AE /* UIBarButtonItem+Extension.m in Sources */ = {isa = PBXBuildFile; fileRef = 2D63AD8B1C4A294B00C3A1AE /* UIBarButtonItem+Extension.m */; };
		2D63AD991C4A294B00C3A1AE /* UIButton+CZ.m in Sources */ = {isa = PBXBuildFile; fileRef = 2D63AD8D1C4A294B00C3A1AE /* UIButton+CZ.m */; };
		2D63AD9A1C4A294B00C3A1AE /* UIImage+CZ.m in Sources */ = {isa = PBXBuildFile; fileRef = 2D63AD8F1C4A294B00C3A1AE /* UIImage+CZ.m */; };
		2D63AD9B1C4A294B00C3A1AE /* UITextView+Extension.m in Sources */ = {isa = PBXBuildFile; fileRef = 2D63AD911C4A294B00C3A1AE /* UITextView+Extension.m */; };
		2D63AD9C1C4A294B00C3A1AE /* UIView+Extension.m in Sources */ = {isa = PBXBuildFile; fileRef = 2D63AD931C4A294B00C3A1AE /* UIView+Extension.m */; };
		2D63AD9F1C4A5D1A00C3A1AE /* feedRecords.plist in Resources */ = {isa = PBXBuildFile; fileRef = 2D63AD9E1C4A5D1A00C3A1AE /* feedRecords.plist */; };
		2D63ADA21C4A688600C3A1AE /* XXRecord.m in Sources */ = {isa = PBXBuildFile; fileRef = 2D63ADA11C4A688600C3A1AE /* XXRecord.m */; };
		2D63ADA41C4A6C3D00C3A1AE /* Foundation+Log.m in Sources */ = {isa = PBXBuildFile; fileRef = 2D63ADA31C4A6C3D00C3A1AE /* Foundation+Log.m */; };
		2D63ADA71C4B6BDB00C3A1AE /* XXRecordValue.m in Sources */ = {isa = PBXBuildFile; fileRef = 2D63ADA61C4B6BDB00C3A1AE /* XXRecordValue.m */; };
		2D63ADAF1C4BB31600C3A1AE /* XXBreastFeedFooterView.m in Sources */ = {isa = PBXBuildFile; fileRef = 2D63ADAE1C4BB31600C3A1AE /* XXBreastFeedFooterView.m */; };
		2D63ADB11C4BB31E00C3A1AE /* XXBreastFeedFooterView.xib in Resources */ = {isa = PBXBuildFile; fileRef = 2D63ADB01C4BB31E00C3A1AE /* XXBreastFeedFooterView.xib */; };
		2DCFBFCF1C4BEBDB00E99820 /* XXFeedViewController.m in Sources */ = {isa = PBXBuildFile; fileRef = 2DCFBFCE1C4BEBDB00E99820 /* XXFeedViewController.m */; };
		2DCFBFD21C4BEBEB00E99820 /* XXLifeViewController.m in Sources */ = {isa = PBXBuildFile; fileRef = 2DCFBFD11C4BEBEB00E99820 /* XXLifeViewController.m */; };
		2DCFBFD51C4BEBF300E99820 /* XXBodyViewController.m in Sources */ = {isa = PBXBuildFile; fileRef = 2DCFBFD41C4BEBF300E99820 /* XXBodyViewController.m */; };
		2DCFBFD81C4BEC7F00E99820 /* XXBaseViewController.m in Sources */ = {isa = PBXBuildFile; fileRef = 2DCFBFD71C4BEC7F00E99820 /* XXBaseViewController.m */; };
		2DCFBFDA1C4BF4ED00E99820 /* lifeRecords.plist in Resources */ = {isa = PBXBuildFile; fileRef = 2DCFBFD91C4BF4ED00E99820 /* lifeRecords.plist */; };
		2DCFBFDC1C4BFCD100E99820 /* bodyRecords.plist in Resources */ = {isa = PBXBuildFile; fileRef = 2DCFBFDB1C4BFCD100E99820 /* bodyRecords.plist */; };
		631039C7EF48480B163790B0 /* libPods.a in Frameworks */ = {isa = PBXBuildFile; fileRef = 4EF0B585961FB2A5247CB163 /* libPods.a */; };
/* End PBXBuildFile section */

/* Begin PBXContainerItemProxy section */
		2D63AD461C4A15AE00C3A1AE /* PBXContainerItemProxy */ = {
			isa = PBXContainerItemProxy;
			containerPortal = 2D63AD241C4A15AD00C3A1AE /* Project object */;
			proxyType = 1;
			remoteGlobalIDString = 2D63AD2B1C4A15AD00C3A1AE;
			remoteInfo = BabyHealth;
		};
		2D63AD511C4A15AE00C3A1AE /* PBXContainerItemProxy */ = {
			isa = PBXContainerItemProxy;
			containerPortal = 2D63AD241C4A15AD00C3A1AE /* Project object */;
			proxyType = 1;
			remoteGlobalIDString = 2D63AD2B1C4A15AD00C3A1AE;
			remoteInfo = BabyHealth;
		};
/* End PBXContainerItemProxy section */

/* Begin PBXFileReference section */
		2D16BB851C4C7A43000C9573 /* XXCheckCell.h */ = {isa = PBXFileReference; fileEncoding = 4; lastKnownFileType = sourcecode.c.h; path = XXCheckCell.h; sourceTree = "<group>"; };
		2D16BB861C4C7A43000C9573 /* XXCheckCell.m */ = {isa = PBXFileReference; fileEncoding = 4; lastKnownFileType = sourcecode.c.objc; path = XXCheckCell.m; sourceTree = "<group>"; };
		2D16BB961C4C88AC000C9573 /* XXCheckButton.h */ = {isa = PBXFileReference; fileEncoding = 4; lastKnownFileType = sourcecode.c.h; path = XXCheckButton.h; sourceTree = "<group>"; };
		2D16BB971C4C88AC000C9573 /* XXCheckButton.m */ = {isa = PBXFileReference; fileEncoding = 4; lastKnownFileType = sourcecode.c.objc; path = XXCheckButton.m; sourceTree = "<group>"; };
		2D16BB9A1C4C94D2000C9573 /* DLRadioButton.h */ = {isa = PBXFileReference; fileEncoding = 4; lastKnownFileType = sourcecode.c.h; path = DLRadioButton.h; sourceTree = "<group>"; };
		2D16BB9B1C4C94D2000C9573 /* DLRadioButton.m */ = {isa = PBXFileReference; fileEncoding = 4; lastKnownFileType = sourcecode.c.objc; path = DLRadioButton.m; sourceTree = "<group>"; };
		2D63AD2C1C4A15AD00C3A1AE /* BabyHealth.app */ = {isa = PBXFileReference; explicitFileType = wrapper.application; includeInIndex = 0; path = BabyHealth.app; sourceTree = BUILT_PRODUCTS_DIR; };
		2D63AD391C4A15AD00C3A1AE /* Base */ = {isa = PBXFileReference; lastKnownFileType = file.storyboard; name = Base; path = Base.lproj/Main.storyboard; sourceTree = "<group>"; };
		2D63AD3B1C4A15AD00C3A1AE /* Assets.xcassets */ = {isa = PBXFileReference; lastKnownFileType = folder.assetcatalog; path = Assets.xcassets; sourceTree = "<group>"; };
		2D63AD3E1C4A15AD00C3A1AE /* Base */ = {isa = PBXFileReference; lastKnownFileType = file.storyboard; name = Base; path = Base.lproj/LaunchScreen.storyboard; sourceTree = "<group>"; };
		2D63AD401C4A15AD00C3A1AE /* Info.plist */ = {isa = PBXFileReference; lastKnownFileType = text.plist.xml; path = Info.plist; sourceTree = "<group>"; };
		2D63AD451C4A15AE00C3A1AE /* BabyHealthTests.xctest */ = {isa = PBXFileReference; explicitFileType = wrapper.cfbundle; includeInIndex = 0; path = BabyHealthTests.xctest; sourceTree = BUILT_PRODUCTS_DIR; };
		2D63AD491C4A15AE00C3A1AE /* BabyHealthTests.m */ = {isa = PBXFileReference; lastKnownFileType = sourcecode.c.objc; path = BabyHealthTests.m; sourceTree = "<group>"; };
		2D63AD4B1C4A15AE00C3A1AE /* Info.plist */ = {isa = PBXFileReference; lastKnownFileType = text.plist.xml; path = Info.plist; sourceTree = "<group>"; };
		2D63AD501C4A15AE00C3A1AE /* BabyHealthUITests.xctest */ = {isa = PBXFileReference; explicitFileType = wrapper.cfbundle; includeInIndex = 0; path = BabyHealthUITests.xctest; sourceTree = BUILT_PRODUCTS_DIR; };
		2D63AD541C4A15AE00C3A1AE /* BabyHealthUITests.m */ = {isa = PBXFileReference; lastKnownFileType = sourcecode.c.objc; path = BabyHealthUITests.m; sourceTree = "<group>"; };
		2D63AD561C4A15AE00C3A1AE /* Info.plist */ = {isa = PBXFileReference; lastKnownFileType = text.plist.xml; path = Info.plist; sourceTree = "<group>"; };
		2D63AD6E1C4A291100C3A1AE /* XXHomeViewController.h */ = {isa = PBXFileReference; fileEncoding = 4; lastKnownFileType = sourcecode.c.h; path = XXHomeViewController.h; sourceTree = "<group>"; };
		2D63AD6F1C4A291100C3A1AE /* XXHomeViewController.m */ = {isa = PBXFileReference; fileEncoding = 4; lastKnownFileType = sourcecode.c.objc; path = XXHomeViewController.m; sourceTree = "<group>"; };
		2D63AD731C4A291100C3A1AE /* AppDelegate.h */ = {isa = PBXFileReference; fileEncoding = 4; lastKnownFileType = sourcecode.c.h; path = AppDelegate.h; sourceTree = "<group>"; };
		2D63AD741C4A291100C3A1AE /* AppDelegate.m */ = {isa = PBXFileReference; fileEncoding = 4; lastKnownFileType = sourcecode.c.objc; path = AppDelegate.m; sourceTree = "<group>"; };
		2D63AD751C4A291100C3A1AE /* main.m */ = {isa = PBXFileReference; fileEncoding = 4; lastKnownFileType = sourcecode.c.objc; path = main.m; sourceTree = "<group>"; };
		2D63AD781C4A291100C3A1AE /* XXSliderCell.h */ = {isa = PBXFileReference; fileEncoding = 4; lastKnownFileType = sourcecode.c.h; path = XXSliderCell.h; sourceTree = "<group>"; };
		2D63AD791C4A291100C3A1AE /* XXSliderCell.m */ = {isa = PBXFileReference; fileEncoding = 4; lastKnownFileType = sourcecode.c.objc; path = XXSliderCell.m; sourceTree = "<group>"; };
		2D63AD7A1C4A291100C3A1AE /* XXSliderCell.xib */ = {isa = PBXFileReference; fileEncoding = 4; lastKnownFileType = file.xib; path = XXSliderCell.xib; sourceTree = "<group>"; };
		2D63AD821C4A294B00C3A1AE /* NSDate+Extension.h */ = {isa = PBXFileReference; fileEncoding = 4; lastKnownFileType = sourcecode.c.h; path = "NSDate+Extension.h"; sourceTree = "<group>"; };
		2D63AD831C4A294B00C3A1AE /* NSDate+Extension.m */ = {isa = PBXFileReference; fileEncoding = 4; lastKnownFileType = sourcecode.c.objc; path = "NSDate+Extension.m"; sourceTree = "<group>"; };
		2D63AD841C4A294B00C3A1AE /* NSString+CZ.h */ = {isa = PBXFileReference; fileEncoding = 4; lastKnownFileType = sourcecode.c.h; path = "NSString+CZ.h"; sourceTree = "<group>"; };
		2D63AD851C4A294B00C3A1AE /* NSString+CZ.m */ = {isa = PBXFileReference; fileEncoding = 4; lastKnownFileType = sourcecode.c.objc; path = "NSString+CZ.m"; sourceTree = "<group>"; };
		2D63AD861C4A294B00C3A1AE /* NSString+Emoji.h */ = {isa = PBXFileReference; fileEncoding = 4; lastKnownFileType = sourcecode.c.h; path = "NSString+Emoji.h"; sourceTree = "<group>"; };
		2D63AD871C4A294B00C3A1AE /* NSString+Emoji.m */ = {isa = PBXFileReference; fileEncoding = 4; lastKnownFileType = sourcecode.c.objc; path = "NSString+Emoji.m"; sourceTree = "<group>"; };
		2D63AD881C4A294B00C3A1AE /* NSString+Extension.h */ = {isa = PBXFileReference; fileEncoding = 4; lastKnownFileType = sourcecode.c.h; path = "NSString+Extension.h"; sourceTree = "<group>"; };
		2D63AD891C4A294B00C3A1AE /* NSString+Extension.m */ = {isa = PBXFileReference; fileEncoding = 4; lastKnownFileType = sourcecode.c.objc; path = "NSString+Extension.m"; sourceTree = "<group>"; };
		2D63AD8A1C4A294B00C3A1AE /* UIBarButtonItem+Extension.h */ = {isa = PBXFileReference; fileEncoding = 4; lastKnownFileType = sourcecode.c.h; path = "UIBarButtonItem+Extension.h"; sourceTree = "<group>"; };
		2D63AD8B1C4A294B00C3A1AE /* UIBarButtonItem+Extension.m */ = {isa = PBXFileReference; fileEncoding = 4; lastKnownFileType = sourcecode.c.objc; path = "UIBarButtonItem+Extension.m"; sourceTree = "<group>"; };
		2D63AD8C1C4A294B00C3A1AE /* UIButton+CZ.h */ = {isa = PBXFileReference; fileEncoding = 4; lastKnownFileType = sourcecode.c.h; path = "UIButton+CZ.h"; sourceTree = "<group>"; };
		2D63AD8D1C4A294B00C3A1AE /* UIButton+CZ.m */ = {isa = PBXFileReference; fileEncoding = 4; lastKnownFileType = sourcecode.c.objc; path = "UIButton+CZ.m"; sourceTree = "<group>"; };
		2D63AD8E1C4A294B00C3A1AE /* UIImage+CZ.h */ = {isa = PBXFileReference; fileEncoding = 4; lastKnownFileType = sourcecode.c.h; path = "UIImage+CZ.h"; sourceTree = "<group>"; };
		2D63AD8F1C4A294B00C3A1AE /* UIImage+CZ.m */ = {isa = PBXFileReference; fileEncoding = 4; lastKnownFileType = sourcecode.c.objc; path = "UIImage+CZ.m"; sourceTree = "<group>"; };
		2D63AD901C4A294B00C3A1AE /* UITextView+Extension.h */ = {isa = PBXFileReference; fileEncoding = 4; lastKnownFileType = sourcecode.c.h; path = "UITextView+Extension.h"; sourceTree = "<group>"; };
		2D63AD911C4A294B00C3A1AE /* UITextView+Extension.m */ = {isa = PBXFileReference; fileEncoding = 4; lastKnownFileType = sourcecode.c.objc; path = "UITextView+Extension.m"; sourceTree = "<group>"; };
		2D63AD921C4A294B00C3A1AE /* UIView+Extension.h */ = {isa = PBXFileReference; fileEncoding = 4; lastKnownFileType = sourcecode.c.h; path = "UIView+Extension.h"; sourceTree = "<group>"; };
		2D63AD931C4A294B00C3A1AE /* UIView+Extension.m */ = {isa = PBXFileReference; fileEncoding = 4; lastKnownFileType = sourcecode.c.objc; path = "UIView+Extension.m"; sourceTree = "<group>"; };
		2D63AD9D1C4A296600C3A1AE /* PrefixHeader.pch */ = {isa = PBXFileReference; lastKnownFileType = sourcecode.c.h; path = PrefixHeader.pch; sourceTree = "<group>"; };
		2D63AD9E1C4A5D1A00C3A1AE /* feedRecords.plist */ = {isa = PBXFileReference; fileEncoding = 4; lastKnownFileType = text.plist.xml; path = feedRecords.plist; sourceTree = "<group>"; };
		2D63ADA01C4A688600C3A1AE /* XXRecord.h */ = {isa = PBXFileReference; fileEncoding = 4; lastKnownFileType = sourcecode.c.h; path = XXRecord.h; sourceTree = "<group>"; };
		2D63ADA11C4A688600C3A1AE /* XXRecord.m */ = {isa = PBXFileReference; fileEncoding = 4; lastKnownFileType = sourcecode.c.objc; path = XXRecord.m; sourceTree = "<group>"; };
		2D63ADA31C4A6C3D00C3A1AE /* Foundation+Log.m */ = {isa = PBXFileReference; fileEncoding = 4; lastKnownFileType = sourcecode.c.objc; path = "Foundation+Log.m"; sourceTree = "<group>"; };
		2D63ADA51C4B6BDB00C3A1AE /* XXRecordValue.h */ = {isa = PBXFileReference; fileEncoding = 4; lastKnownFileType = sourcecode.c.h; path = XXRecordValue.h; sourceTree = "<group>"; };
		2D63ADA61C4B6BDB00C3A1AE /* XXRecordValue.m */ = {isa = PBXFileReference; fileEncoding = 4; lastKnownFileType = sourcecode.c.objc; path = XXRecordValue.m; sourceTree = "<group>"; };
		2D63ADAD1C4BB31600C3A1AE /* XXBreastFeedFooterView.h */ = {isa = PBXFileReference; fileEncoding = 4; lastKnownFileType = sourcecode.c.h; path = XXBreastFeedFooterView.h; sourceTree = "<group>"; };
		2D63ADAE1C4BB31600C3A1AE /* XXBreastFeedFooterView.m */ = {isa = PBXFileReference; fileEncoding = 4; lastKnownFileType = sourcecode.c.objc; path = XXBreastFeedFooterView.m; sourceTree = "<group>"; };
		2D63ADB01C4BB31E00C3A1AE /* XXBreastFeedFooterView.xib */ = {isa = PBXFileReference; fileEncoding = 4; lastKnownFileType = file.xib; path = XXBreastFeedFooterView.xib; sourceTree = "<group>"; };
		2DCFBFCD1C4BEBDB00E99820 /* XXFeedViewController.h */ = {isa = PBXFileReference; fileEncoding = 4; lastKnownFileType = sourcecode.c.h; path = XXFeedViewController.h; sourceTree = "<group>"; };
		2DCFBFCE1C4BEBDB00E99820 /* XXFeedViewController.m */ = {isa = PBXFileReference; fileEncoding = 4; lastKnownFileType = sourcecode.c.objc; path = XXFeedViewController.m; sourceTree = "<group>"; };
		2DCFBFD01C4BEBEB00E99820 /* XXLifeViewController.h */ = {isa = PBXFileReference; fileEncoding = 4; lastKnownFileType = sourcecode.c.h; path = XXLifeViewController.h; sourceTree = "<group>"; };
		2DCFBFD11C4BEBEB00E99820 /* XXLifeViewController.m */ = {isa = PBXFileReference; fileEncoding = 4; lastKnownFileType = sourcecode.c.objc; path = XXLifeViewController.m; sourceTree = "<group>"; };
		2DCFBFD31C4BEBF300E99820 /* XXBodyViewController.h */ = {isa = PBXFileReference; fileEncoding = 4; lastKnownFileType = sourcecode.c.h; path = XXBodyViewController.h; sourceTree = "<group>"; };
		2DCFBFD41C4BEBF300E99820 /* XXBodyViewController.m */ = {isa = PBXFileReference; fileEncoding = 4; lastKnownFileType = sourcecode.c.objc; path = XXBodyViewController.m; sourceTree = "<group>"; };
		2DCFBFD61C4BEC7F00E99820 /* XXBaseViewController.h */ = {isa = PBXFileReference; fileEncoding = 4; lastKnownFileType = sourcecode.c.h; path = XXBaseViewController.h; sourceTree = "<group>"; };
		2DCFBFD71C4BEC7F00E99820 /* XXBaseViewController.m */ = {isa = PBXFileReference; fileEncoding = 4; lastKnownFileType = sourcecode.c.objc; path = XXBaseViewController.m; sourceTree = "<group>"; };
		2DCFBFD91C4BF4ED00E99820 /* lifeRecords.plist */ = {isa = PBXFileReference; fileEncoding = 4; lastKnownFileType = text.plist.xml; path = lifeRecords.plist; sourceTree = "<group>"; };
		2DCFBFDB1C4BFCD100E99820 /* bodyRecords.plist */ = {isa = PBXFileReference; fileEncoding = 4; lastKnownFileType = text.plist.xml; path = bodyRecords.plist; sourceTree = "<group>"; };
		45F5D0CCA4EBEB93721F23C9 /* Pods.debug.xcconfig */ = {isa = PBXFileReference; includeInIndex = 1; lastKnownFileType = text.xcconfig; name = Pods.debug.xcconfig; path = "Pods/Target Support Files/Pods/Pods.debug.xcconfig"; sourceTree = "<group>"; };
		4EF0B585961FB2A5247CB163 /* libPods.a */ = {isa = PBXFileReference; explicitFileType = archive.ar; includeInIndex = 0; path = libPods.a; sourceTree = BUILT_PRODUCTS_DIR; };
		F993BBCF0255C11B61F27C85 /* Pods.release.xcconfig */ = {isa = PBXFileReference; includeInIndex = 1; lastKnownFileType = text.xcconfig; name = Pods.release.xcconfig; path = "Pods/Target Support Files/Pods/Pods.release.xcconfig"; sourceTree = "<group>"; };
/* End PBXFileReference section */

/* Begin PBXFrameworksBuildPhase section */
		2D63AD291C4A15AD00C3A1AE /* Frameworks */ = {
			isa = PBXFrameworksBuildPhase;
			buildActionMask = 2147483647;
			files = (
				631039C7EF48480B163790B0 /* libPods.a in Frameworks */,
			);
			runOnlyForDeploymentPostprocessing = 0;
		};
		2D63AD421C4A15AE00C3A1AE /* Frameworks */ = {
			isa = PBXFrameworksBuildPhase;
			buildActionMask = 2147483647;
			files = (
			);
			runOnlyForDeploymentPostprocessing = 0;
		};
		2D63AD4D1C4A15AE00C3A1AE /* Frameworks */ = {
			isa = PBXFrameworksBuildPhase;
			buildActionMask = 2147483647;
			files = (
			);
			runOnlyForDeploymentPostprocessing = 0;
		};
/* End PBXFrameworksBuildPhase section */

/* Begin PBXGroup section */
		2D16BB991C4C94D2000C9573 /* DLRadioButton */ = {
			isa = PBXGroup;
			children = (
				2D16BB9A1C4C94D2000C9573 /* DLRadioButton.h */,
				2D16BB9B1C4C94D2000C9573 /* DLRadioButton.m */,
			);
			path = DLRadioButton;
			sourceTree = "<group>";
		};
		2D63AD231C4A15AD00C3A1AE = {
			isa = PBXGroup;
			children = (
				2D63AD2E1C4A15AD00C3A1AE /* BabyHealth */,
				2D63AD481C4A15AE00C3A1AE /* BabyHealthTests */,
				2D63AD531C4A15AE00C3A1AE /* BabyHealthUITests */,
				2D63AD2D1C4A15AD00C3A1AE /* Products */,
				A8084F66FDFDFE630B71CE8B /* Pods */,
				E9FEFDC6C5A15C595A6AC6F3 /* Frameworks */,
			);
			sourceTree = "<group>";
		};
		2D63AD2D1C4A15AD00C3A1AE /* Products */ = {
			isa = PBXGroup;
			children = (
				2D63AD2C1C4A15AD00C3A1AE /* BabyHealth.app */,
				2D63AD451C4A15AE00C3A1AE /* BabyHealthTests.xctest */,
				2D63AD501C4A15AE00C3A1AE /* BabyHealthUITests.xctest */,
			);
			name = Products;
			sourceTree = "<group>";
		};
		2D63AD2E1C4A15AD00C3A1AE /* BabyHealth */ = {
			isa = PBXGroup;
			children = (
				2D63AD6A1C4A291100C3A1AE /* Classes */,
				2D63AD2F1C4A15AD00C3A1AE /* Supporting Files */,
			);
			path = BabyHealth;
			sourceTree = "<group>";
		};
		2D63AD2F1C4A15AD00C3A1AE /* Supporting Files */ = {
			isa = PBXGroup;
			children = (
				2D63AD9E1C4A5D1A00C3A1AE /* feedRecords.plist */,
				2DCFBFD91C4BF4ED00E99820 /* lifeRecords.plist */,
				2DCFBFDB1C4BFCD100E99820 /* bodyRecords.plist */,
				2D63AD9D1C4A296600C3A1AE /* PrefixHeader.pch */,
				2D63AD3B1C4A15AD00C3A1AE /* Assets.xcassets */,
				2D63AD3D1C4A15AD00C3A1AE /* LaunchScreen.storyboard */,
				2D63AD401C4A15AD00C3A1AE /* Info.plist */,
				2D63AD381C4A15AD00C3A1AE /* Main.storyboard */,
			);
			name = "Supporting Files";
			sourceTree = "<group>";
		};
		2D63AD481C4A15AE00C3A1AE /* BabyHealthTests */ = {
			isa = PBXGroup;
			children = (
				2D63AD491C4A15AE00C3A1AE /* BabyHealthTests.m */,
				2D63AD4B1C4A15AE00C3A1AE /* Info.plist */,
			);
			path = BabyHealthTests;
			sourceTree = "<group>";
		};
		2D63AD531C4A15AE00C3A1AE /* BabyHealthUITests */ = {
			isa = PBXGroup;
			children = (
				2D63AD541C4A15AE00C3A1AE /* BabyHealthUITests.m */,
				2D63AD561C4A15AE00C3A1AE /* Info.plist */,
			);
			path = BabyHealthUITests;
			sourceTree = "<group>";
		};
		2D63AD6A1C4A291100C3A1AE /* Classes */ = {
			isa = PBXGroup;
			children = (
				2D63AD6B1C4A291100C3A1AE /* Main */,
				2D63AD7B1C4A291100C3A1AE /* Temp */,
			);
			path = Classes;
			sourceTree = "<group>";
		};
		2D63AD6B1C4A291100C3A1AE /* Main */ = {
			isa = PBXGroup;
			children = (
				2D63AD6C1C4A291100C3A1AE /* Category */,
				2D63AD6D1C4A291100C3A1AE /* Controller */,
				2D63AD711C4A291100C3A1AE /* Model */,
				2D63AD771C4A291100C3A1AE /* View */,
				2D63AD701C4A291100C3A1AE /* Lib */,
				2D63AD721C4A291100C3A1AE /* Other */,
				2D63AD761C4A291100C3A1AE /* Tool */,
			);
			path = Main;
			sourceTree = "<group>";
		};
		2D63AD6C1C4A291100C3A1AE /* Category */ = {
			isa = PBXGroup;
			children = (
				2D63AD811C4A294B00C3A1AE /* 单例头文件 */,
				2D63ADA31C4A6C3D00C3A1AE /* Foundation+Log.m */,
				2D63AD821C4A294B00C3A1AE /* NSDate+Extension.h */,
				2D63AD831C4A294B00C3A1AE /* NSDate+Extension.m */,
				2D63AD841C4A294B00C3A1AE /* NSString+CZ.h */,
				2D63AD851C4A294B00C3A1AE /* NSString+CZ.m */,
				2D63AD861C4A294B00C3A1AE /* NSString+Emoji.h */,
				2D63AD871C4A294B00C3A1AE /* NSString+Emoji.m */,
				2D63AD881C4A294B00C3A1AE /* NSString+Extension.h */,
				2D63AD891C4A294B00C3A1AE /* NSString+Extension.m */,
				2D63AD8A1C4A294B00C3A1AE /* UIBarButtonItem+Extension.h */,
				2D63AD8B1C4A294B00C3A1AE /* UIBarButtonItem+Extension.m */,
				2D63AD8C1C4A294B00C3A1AE /* UIButton+CZ.h */,
				2D63AD8D1C4A294B00C3A1AE /* UIButton+CZ.m */,
				2D63AD8E1C4A294B00C3A1AE /* UIImage+CZ.h */,
				2D63AD8F1C4A294B00C3A1AE /* UIImage+CZ.m */,
				2D63AD901C4A294B00C3A1AE /* UITextView+Extension.h */,
				2D63AD911C4A294B00C3A1AE /* UITextView+Extension.m */,
				2D63AD921C4A294B00C3A1AE /* UIView+Extension.h */,
				2D63AD931C4A294B00C3A1AE /* UIView+Extension.m */,
			);
			path = Category;
			sourceTree = "<group>";
		};
		2D63AD6D1C4A291100C3A1AE /* Controller */ = {
			isa = PBXGroup;
			children = (
				2D63AD6E1C4A291100C3A1AE /* XXHomeViewController.h */,
				2D63AD6F1C4A291100C3A1AE /* XXHomeViewController.m */,
				2DCFBFCD1C4BEBDB00E99820 /* XXFeedViewController.h */,
				2DCFBFCE1C4BEBDB00E99820 /* XXFeedViewController.m */,
				2DCFBFD01C4BEBEB00E99820 /* XXLifeViewController.h */,
				2DCFBFD11C4BEBEB00E99820 /* XXLifeViewController.m */,
				2DCFBFD31C4BEBF300E99820 /* XXBodyViewController.h */,
				2DCFBFD41C4BEBF300E99820 /* XXBodyViewController.m */,
				2DCFBFD61C4BEC7F00E99820 /* XXBaseViewController.h */,
				2DCFBFD71C4BEC7F00E99820 /* XXBaseViewController.m */,
			);
			path = Controller;
			sourceTree = "<group>";
		};
		2D63AD701C4A291100C3A1AE /* Lib */ = {
			isa = PBXGroup;
			children = (
				2D16BB991C4C94D2000C9573 /* DLRadioButton */,
			);
			path = Lib;
			sourceTree = "<group>";
		};
		2D63AD711C4A291100C3A1AE /* Model */ = {
			isa = PBXGroup;
			children = (
				2D63ADA01C4A688600C3A1AE /* XXRecord.h */,
				2D63ADA11C4A688600C3A1AE /* XXRecord.m */,
				2D63ADA51C4B6BDB00C3A1AE /* XXRecordValue.h */,
				2D63ADA61C4B6BDB00C3A1AE /* XXRecordValue.m */,
			);
			path = Model;
			sourceTree = "<group>";
		};
		2D63AD721C4A291100C3A1AE /* Other */ = {
			isa = PBXGroup;
			children = (
				2D63AD731C4A291100C3A1AE /* AppDelegate.h */,
				2D63AD741C4A291100C3A1AE /* AppDelegate.m */,
				2D63AD751C4A291100C3A1AE /* main.m */,
			);
			path = Other;
			sourceTree = "<group>";
		};
		2D63AD761C4A291100C3A1AE /* Tool */ = {
			isa = PBXGroup;
			children = (
			);
			path = Tool;
			sourceTree = "<group>";
		};
		2D63AD771C4A291100C3A1AE /* View */ = {
			isa = PBXGroup;
			children = (
				2D16BB851C4C7A43000C9573 /* XXCheckCell.h */,
				2D16BB861C4C7A43000C9573 /* XXCheckCell.m */,
				2D16BB961C4C88AC000C9573 /* XXCheckButton.h */,
				2D16BB971C4C88AC000C9573 /* XXCheckButton.m */,
				2D63AD781C4A291100C3A1AE /* XXSliderCell.h */,
				2D63AD791C4A291100C3A1AE /* XXSliderCell.m */,
				2D63AD7A1C4A291100C3A1AE /* XXSliderCell.xib */,
				2D63ADAD1C4BB31600C3A1AE /* XXBreastFeedFooterView.h */,
				2D63ADAE1C4BB31600C3A1AE /* XXBreastFeedFooterView.m */,
				2D63ADB01C4BB31E00C3A1AE /* XXBreastFeedFooterView.xib */,
			);
			path = View;
			sourceTree = "<group>";
		};
		2D63AD7B1C4A291100C3A1AE /* Temp */ = {
			isa = PBXGroup;
			children = (
			);
			path = Temp;
			sourceTree = "<group>";
		};
		2D63AD811C4A294B00C3A1AE /* 单例头文件 */ = {
			isa = PBXGroup;
			children = (
			);
			path = "单例头文件";
			sourceTree = "<group>";
		};
		A8084F66FDFDFE630B71CE8B /* Pods */ = {
			isa = PBXGroup;
			children = (
				45F5D0CCA4EBEB93721F23C9 /* Pods.debug.xcconfig */,
				F993BBCF0255C11B61F27C85 /* Pods.release.xcconfig */,
			);
			name = Pods;
			sourceTree = "<group>";
		};
		E9FEFDC6C5A15C595A6AC6F3 /* Frameworks */ = {
			isa = PBXGroup;
			children = (
				4EF0B585961FB2A5247CB163 /* libPods.a */,
			);
			name = Frameworks;
			sourceTree = "<group>";
		};
/* End PBXGroup section */

/* Begin PBXNativeTarget section */
		2D63AD2B1C4A15AD00C3A1AE /* BabyHealth */ = {
			isa = PBXNativeTarget;
			buildConfigurationList = 2D63AD591C4A15AE00C3A1AE /* Build configuration list for PBXNativeTarget "BabyHealth" */;
			buildPhases = (
				F7CF6A519DCB0D8E9C87C32A /* Check Pods Manifest.lock */,
				2D63AD281C4A15AD00C3A1AE /* Sources */,
				2D63AD291C4A15AD00C3A1AE /* Frameworks */,
				2D63AD2A1C4A15AD00C3A1AE /* Resources */,
				600C618489FD1B84DFF3BD3F /* Embed Pods Frameworks */,
				6F3419D2F42FF55C97228098 /* Copy Pods Resources */,
			);
			buildRules = (
			);
			dependencies = (
			);
			name = BabyHealth;
			productName = BabyHealth;
			productReference = 2D63AD2C1C4A15AD00C3A1AE /* BabyHealth.app */;
			productType = "com.apple.product-type.application";
		};
		2D63AD441C4A15AE00C3A1AE /* BabyHealthTests */ = {
			isa = PBXNativeTarget;
			buildConfigurationList = 2D63AD5C1C4A15AE00C3A1AE /* Build configuration list for PBXNativeTarget "BabyHealthTests" */;
			buildPhases = (
				2D63AD411C4A15AE00C3A1AE /* Sources */,
				2D63AD421C4A15AE00C3A1AE /* Frameworks */,
				2D63AD431C4A15AE00C3A1AE /* Resources */,
			);
			buildRules = (
			);
			dependencies = (
				2D63AD471C4A15AE00C3A1AE /* PBXTargetDependency */,
			);
			name = BabyHealthTests;
			productName = BabyHealthTests;
			productReference = 2D63AD451C4A15AE00C3A1AE /* BabyHealthTests.xctest */;
			productType = "com.apple.product-type.bundle.unit-test";
		};
		2D63AD4F1C4A15AE00C3A1AE /* BabyHealthUITests */ = {
			isa = PBXNativeTarget;
			buildConfigurationList = 2D63AD5F1C4A15AE00C3A1AE /* Build configuration list for PBXNativeTarget "BabyHealthUITests" */;
			buildPhases = (
				2D63AD4C1C4A15AE00C3A1AE /* Sources */,
				2D63AD4D1C4A15AE00C3A1AE /* Frameworks */,
				2D63AD4E1C4A15AE00C3A1AE /* Resources */,
			);
			buildRules = (
			);
			dependencies = (
				2D63AD521C4A15AE00C3A1AE /* PBXTargetDependency */,
			);
			name = BabyHealthUITests;
			productName = BabyHealthUITests;
			productReference = 2D63AD501C4A15AE00C3A1AE /* BabyHealthUITests.xctest */;
			productType = "com.apple.product-type.bundle.ui-testing";
		};
/* End PBXNativeTarget section */

/* Begin PBXProject section */
		2D63AD241C4A15AD00C3A1AE /* Project object */ = {
			isa = PBXProject;
			attributes = {
				CLASSPREFIX = XX;
				LastUpgradeCheck = 0720;
				ORGANIZATIONNAME = "陈旭";
				TargetAttributes = {
					2D63AD2B1C4A15AD00C3A1AE = {
						CreatedOnToolsVersion = 7.2;
						DevelopmentTeam = 8TM9F2U9GU;
					};
					2D63AD441C4A15AE00C3A1AE = {
						CreatedOnToolsVersion = 7.2;
						TestTargetID = 2D63AD2B1C4A15AD00C3A1AE;
					};
					2D63AD4F1C4A15AE00C3A1AE = {
						CreatedOnToolsVersion = 7.2;
						TestTargetID = 2D63AD2B1C4A15AD00C3A1AE;
					};
				};
			};
			buildConfigurationList = 2D63AD271C4A15AD00C3A1AE /* Build configuration list for PBXProject "BabyHealth" */;
			compatibilityVersion = "Xcode 3.2";
			developmentRegion = English;
			hasScannedForEncodings = 0;
			knownRegions = (
				en,
				Base,
			);
			mainGroup = 2D63AD231C4A15AD00C3A1AE;
			productRefGroup = 2D63AD2D1C4A15AD00C3A1AE /* Products */;
			projectDirPath = "";
			projectRoot = "";
			targets = (
				2D63AD2B1C4A15AD00C3A1AE /* BabyHealth */,
				2D63AD441C4A15AE00C3A1AE /* BabyHealthTests */,
				2D63AD4F1C4A15AE00C3A1AE /* BabyHealthUITests */,
			);
		};
/* End PBXProject section */

/* Begin PBXResourcesBuildPhase section */
		2D63AD2A1C4A15AD00C3A1AE /* Resources */ = {
			isa = PBXResourcesBuildPhase;
			buildActionMask = 2147483647;
			files = (
				2D63AD801C4A291100C3A1AE /* XXSliderCell.xib in Resources */,
				2D63AD3F1C4A15AD00C3A1AE /* LaunchScreen.storyboard in Resources */,
				2D63AD3C1C4A15AD00C3A1AE /* Assets.xcassets in Resources */,
				2DCFBFDC1C4BFCD100E99820 /* bodyRecords.plist in Resources */,
				2DCFBFDA1C4BF4ED00E99820 /* lifeRecords.plist in Resources */,
				2D63AD9F1C4A5D1A00C3A1AE /* feedRecords.plist in Resources */,
				2D63ADB11C4BB31E00C3A1AE /* XXBreastFeedFooterView.xib in Resources */,
				2D63AD3A1C4A15AD00C3A1AE /* Main.storyboard in Resources */,
			);
			runOnlyForDeploymentPostprocessing = 0;
		};
		2D63AD431C4A15AE00C3A1AE /* Resources */ = {
			isa = PBXResourcesBuildPhase;
			buildActionMask = 2147483647;
			files = (
			);
			runOnlyForDeploymentPostprocessing = 0;
		};
		2D63AD4E1C4A15AE00C3A1AE /* Resources */ = {
			isa = PBXResourcesBuildPhase;
			buildActionMask = 2147483647;
			files = (
			);
			runOnlyForDeploymentPostprocessing = 0;
		};
/* End PBXResourcesBuildPhase section */

/* Begin PBXShellScriptBuildPhase section */
		600C618489FD1B84DFF3BD3F /* Embed Pods Frameworks */ = {
			isa = PBXShellScriptBuildPhase;
			buildActionMask = 2147483647;
			files = (
			);
			inputPaths = (
			);
			name = "Embed Pods Frameworks";
			outputPaths = (
			);
			runOnlyForDeploymentPostprocessing = 0;
			shellPath = /bin/sh;
			shellScript = "\"${SRCROOT}/Pods/Target Support Files/Pods/Pods-frameworks.sh\"\n";
			showEnvVarsInLog = 0;
		};
		6F3419D2F42FF55C97228098 /* Copy Pods Resources */ = {
			isa = PBXShellScriptBuildPhase;
			buildActionMask = 2147483647;
			files = (
			);
			inputPaths = (
			);
			name = "Copy Pods Resources";
			outputPaths = (
			);
			runOnlyForDeploymentPostprocessing = 0;
			shellPath = /bin/sh;
			shellScript = "\"${SRCROOT}/Pods/Target Support Files/Pods/Pods-resources.sh\"\n";
			showEnvVarsInLog = 0;
		};
		F7CF6A519DCB0D8E9C87C32A /* Check Pods Manifest.lock */ = {
			isa = PBXShellScriptBuildPhase;
			buildActionMask = 2147483647;
			files = (
			);
			inputPaths = (
			);
			name = "Check Pods Manifest.lock";
			outputPaths = (
			);
			runOnlyForDeploymentPostprocessing = 0;
			shellPath = /bin/sh;
			shellScript = "diff \"${PODS_ROOT}/../Podfile.lock\" \"${PODS_ROOT}/Manifest.lock\" > /dev/null\nif [[ $? != 0 ]] ; then\n    cat << EOM\nerror: The sandbox is not in sync with the Podfile.lock. Run 'pod install' or update your CocoaPods installation.\nEOM\n    exit 1\nfi\n";
			showEnvVarsInLog = 0;
		};
/* End PBXShellScriptBuildPhase section */

/* Begin PBXSourcesBuildPhase section */
		2D63AD281C4A15AD00C3A1AE /* Sources */ = {
			isa = PBXSourcesBuildPhase;
			buildActionMask = 2147483647;
			files = (
				2D63AD7F1C4A291100C3A1AE /* XXSliderCell.m in Sources */,
				2D63AD941C4A294B00C3A1AE /* NSDate+Extension.m in Sources */,
				2D63ADAF1C4BB31600C3A1AE /* XXBreastFeedFooterView.m in Sources */,
				2D63AD9C1C4A294B00C3A1AE /* UIView+Extension.m in Sources */,
				2D63AD961C4A294B00C3A1AE /* NSString+Emoji.m in Sources */,
				2D63AD7D1C4A291100C3A1AE /* AppDelegate.m in Sources */,
				2DCFBFD51C4BEBF300E99820 /* XXBodyViewController.m in Sources */,
				2D63AD991C4A294B00C3A1AE /* UIButton+CZ.m in Sources */,
				2D63ADA71C4B6BDB00C3A1AE /* XXRecordValue.m in Sources */,
				2D63AD9A1C4A294B00C3A1AE /* UIImage+CZ.m in Sources */,
				2D63AD7E1C4A291100C3A1AE /* main.m in Sources */,
				2D63AD9B1C4A294B00C3A1AE /* UITextView+Extension.m in Sources */,
				2DCFBFD21C4BEBEB00E99820 /* XXLifeViewController.m in Sources */,
				2DCFBFD81C4BEC7F00E99820 /* XXBaseViewController.m in Sources */,
				2D16BB871C4C7A43000C9573 /* XXCheckCell.m in Sources */,
				2D63AD951C4A294B00C3A1AE /* NSString+CZ.m in Sources */,
				2D63AD981C4A294B00C3A1AE /* UIBarButtonItem+Extension.m in Sources */,
				2D63ADA41C4A6C3D00C3A1AE /* Foundation+Log.m in Sources */,
				2D63AD7C1C4A291100C3A1AE /* XXHomeViewController.m in Sources */,
				2D16BB981C4C88AC000C9573 /* XXCheckButton.m in Sources */,
				2D16BB9C1C4C94D2000C9573 /* DLRadioButton.m in Sources */,
				2D63ADA21C4A688600C3A1AE /* XXRecord.m in Sources */,
				2DCFBFCF1C4BEBDB00E99820 /* XXFeedViewController.m in Sources */,
				2D63AD971C4A294B00C3A1AE /* NSString+Extension.m in Sources */,
			);
			runOnlyForDeploymentPostprocessing = 0;
		};
		2D63AD411C4A15AE00C3A1AE /* Sources */ = {
			isa = PBXSourcesBuildPhase;
			buildActionMask = 2147483647;
			files = (
				2D63AD4A1C4A15AE00C3A1AE /* BabyHealthTests.m in Sources */,
			);
			runOnlyForDeploymentPostprocessing = 0;
		};
		2D63AD4C1C4A15AE00C3A1AE /* Sources */ = {
			isa = PBXSourcesBuildPhase;
			buildActionMask = 2147483647;
			files = (
				2D63AD551C4A15AE00C3A1AE /* BabyHealthUITests.m in Sources */,
			);
			runOnlyForDeploymentPostprocessing = 0;
		};
/* End PBXSourcesBuildPhase section */

/* Begin PBXTargetDependency section */
		2D63AD471C4A15AE00C3A1AE /* PBXTargetDependency */ = {
			isa = PBXTargetDependency;
			target = 2D63AD2B1C4A15AD00C3A1AE /* BabyHealth */;
			targetProxy = 2D63AD461C4A15AE00C3A1AE /* PBXContainerItemProxy */;
		};
		2D63AD521C4A15AE00C3A1AE /* PBXTargetDependency */ = {
			isa = PBXTargetDependency;
			target = 2D63AD2B1C4A15AD00C3A1AE /* BabyHealth */;
			targetProxy = 2D63AD511C4A15AE00C3A1AE /* PBXContainerItemProxy */;
		};
/* End PBXTargetDependency section */

/* Begin PBXVariantGroup section */
		2D63AD381C4A15AD00C3A1AE /* Main.storyboard */ = {
			isa = PBXVariantGroup;
			children = (
				2D63AD391C4A15AD00C3A1AE /* Base */,
			);
			name = Main.storyboard;
			sourceTree = "<group>";
		};
		2D63AD3D1C4A15AD00C3A1AE /* LaunchScreen.storyboard */ = {
			isa = PBXVariantGroup;
			children = (
				2D63AD3E1C4A15AD00C3A1AE /* Base */,
			);
			name = LaunchScreen.storyboard;
			sourceTree = "<group>";
		};
/* End PBXVariantGroup section */

/* Begin XCBuildConfiguration section */
		2D63AD571C4A15AE00C3A1AE /* Debug */ = {
			isa = XCBuildConfiguration;
			buildSettings = {
				ALWAYS_SEARCH_USER_PATHS = NO;
				CLANG_CXX_LANGUAGE_STANDARD = "gnu++0x";
				CLANG_CXX_LIBRARY = "libc++";
				CLANG_ENABLE_MODULES = YES;
				CLANG_ENABLE_OBJC_ARC = YES;
				CLANG_WARN_BOOL_CONVERSION = YES;
				CLANG_WARN_CONSTANT_CONVERSION = YES;
				CLANG_WARN_DIRECT_OBJC_ISA_USAGE = YES_ERROR;
				CLANG_WARN_EMPTY_BODY = YES;
				CLANG_WARN_ENUM_CONVERSION = YES;
				CLANG_WARN_INT_CONVERSION = YES;
				CLANG_WARN_OBJC_ROOT_CLASS = YES_ERROR;
				CLANG_WARN_UNREACHABLE_CODE = YES;
				CLANG_WARN__DUPLICATE_METHOD_MATCH = YES;
				"CODE_SIGN_IDENTITY[sdk=iphoneos*]" = "iPhone Developer";
				COPY_PHASE_STRIP = NO;
				DEBUG_INFORMATION_FORMAT = dwarf;
				ENABLE_STRICT_OBJC_MSGSEND = YES;
				ENABLE_TESTABILITY = YES;
				GCC_C_LANGUAGE_STANDARD = gnu99;
				GCC_DYNAMIC_NO_PIC = NO;
				GCC_NO_COMMON_BLOCKS = YES;
				GCC_OPTIMIZATION_LEVEL = 0;
				GCC_PREPROCESSOR_DEFINITIONS = (
					"DEBUG=1",
					"$(inherited)",
				);
				GCC_WARN_64_TO_32_BIT_CONVERSION = YES;
				GCC_WARN_ABOUT_RETURN_TYPE = YES_ERROR;
				GCC_WARN_UNDECLARED_SELECTOR = YES;
				GCC_WARN_UNINITIALIZED_AUTOS = YES_AGGRESSIVE;
				GCC_WARN_UNUSED_FUNCTION = YES;
				GCC_WARN_UNUSED_VARIABLE = YES;
				IPHONEOS_DEPLOYMENT_TARGET = 9.2;
				MTL_ENABLE_DEBUG_INFO = YES;
				ONLY_ACTIVE_ARCH = YES;
				SDKROOT = iphoneos;
			};
			name = Debug;
		};
		2D63AD581C4A15AE00C3A1AE /* Release */ = {
			isa = XCBuildConfiguration;
			buildSettings = {
				ALWAYS_SEARCH_USER_PATHS = NO;
				CLANG_CXX_LANGUAGE_STANDARD = "gnu++0x";
				CLANG_CXX_LIBRARY = "libc++";
				CLANG_ENABLE_MODULES = YES;
				CLANG_ENABLE_OBJC_ARC = YES;
				CLANG_WARN_BOOL_CONVERSION = YES;
				CLANG_WARN_CONSTANT_CONVERSION = YES;
				CLANG_WARN_DIRECT_OBJC_ISA_USAGE = YES_ERROR;
				CLANG_WARN_EMPTY_BODY = YES;
				CLANG_WARN_ENUM_CONVERSION = YES;
				CLANG_WARN_INT_CONVERSION = YES;
				CLANG_WARN_OBJC_ROOT_CLASS = YES_ERROR;
				CLANG_WARN_UNREACHABLE_CODE = YES;
				CLANG_WARN__DUPLICATE_METHOD_MATCH = YES;
				"CODE_SIGN_IDENTITY[sdk=iphoneos*]" = "iPhone Developer";
				COPY_PHASE_STRIP = NO;
				DEBUG_INFORMATION_FORMAT = "dwarf-with-dsym";
				ENABLE_NS_ASSERTIONS = NO;
				ENABLE_STRICT_OBJC_MSGSEND = YES;
				GCC_C_LANGUAGE_STANDARD = gnu99;
				GCC_NO_COMMON_BLOCKS = YES;
				GCC_WARN_64_TO_32_BIT_CONVERSION = YES;
				GCC_WARN_ABOUT_RETURN_TYPE = YES_ERROR;
				GCC_WARN_UNDECLARED_SELECTOR = YES;
				GCC_WARN_UNINITIALIZED_AUTOS = YES_AGGRESSIVE;
				GCC_WARN_UNUSED_FUNCTION = YES;
				GCC_WARN_UNUSED_VARIABLE = YES;
				IPHONEOS_DEPLOYMENT_TARGET = 9.2;
				MTL_ENABLE_DEBUG_INFO = NO;
				SDKROOT = iphoneos;
				VALIDATE_PRODUCT = YES;
			};
			name = Release;
		};
		2D63AD5A1C4A15AE00C3A1AE /* Debug */ = {
			isa = XCBuildConfiguration;
			baseConfigurationReference = 45F5D0CCA4EBEB93721F23C9 /* Pods.debug.xcconfig */;
			buildSettings = {
				ASSETCATALOG_COMPILER_APPICON_NAME = AppIcon;
				ASSETCATALOG_COMPILER_LAUNCHIMAGE_NAME = LaunchImage;
				CODE_SIGN_IDENTITY = "iPhone Developer";
				GCC_PRECOMPILE_PREFIX_HEADER = YES;
				GCC_PREFIX_HEADER = "$(SRCROOT)/BabyHealth/PrefixHeader.pch";
				INFOPLIST_FILE = BabyHealth/Info.plist;
				IPHONEOS_DEPLOYMENT_TARGET = 8.0;
				LD_RUNPATH_SEARCH_PATHS = "$(inherited) @executable_path/Frameworks";
				PRODUCT_BUNDLE_IDENTIFIER = ChenXu.BabyHealth;
				PRODUCT_NAME = "$(TARGET_NAME)";
			};
			name = Debug;
		};
		2D63AD5B1C4A15AE00C3A1AE /* Release */ = {
			isa = XCBuildConfiguration;
			baseConfigurationReference = F993BBCF0255C11B61F27C85 /* Pods.release.xcconfig */;
			buildSettings = {
				ASSETCATALOG_COMPILER_APPICON_NAME = AppIcon;
				ASSETCATALOG_COMPILER_LAUNCHIMAGE_NAME = LaunchImage;
				CODE_SIGN_IDENTITY = "iPhone Developer";
				GCC_PRECOMPILE_PREFIX_HEADER = YES;
				GCC_PREFIX_HEADER = "$(SRCROOT)/BabyHealth/PrefixHeader.pch";
				INFOPLIST_FILE = BabyHealth/Info.plist;
				IPHONEOS_DEPLOYMENT_TARGET = 8.0;
				LD_RUNPATH_SEARCH_PATHS = "$(inherited) @executable_path/Frameworks";
				PRODUCT_BUNDLE_IDENTIFIER = ChenXu.BabyHealth;
				PRODUCT_NAME = "$(TARGET_NAME)";
			};
			name = Release;
		};
		2D63AD5D1C4A15AE00C3A1AE /* Debug */ = {
			isa = XCBuildConfiguration;
			buildSettings = {
				BUNDLE_LOADER = "$(TEST_HOST)";
				INFOPLIST_FILE = BabyHealthTests/Info.plist;
				LD_RUNPATH_SEARCH_PATHS = "$(inherited) @executable_path/Frameworks @loader_path/Frameworks";
				PRODUCT_BUNDLE_IDENTIFIER = ChenXu.BabyHealthTests;
				PRODUCT_NAME = "$(TARGET_NAME)";
				TEST_HOST = "$(BUILT_PRODUCTS_DIR)/BabyHealth.app/BabyHealth";
			};
			name = Debug;
		};
		2D63AD5E1C4A15AE00C3A1AE /* Release */ = {
			isa = XCBuildConfiguration;
			buildSettings = {
				BUNDLE_LOADER = "$(TEST_HOST)";
				INFOPLIST_FILE = BabyHealthTests/Info.plist;
				LD_RUNPATH_SEARCH_PATHS = "$(inherited) @executable_path/Frameworks @loader_path/Frameworks";
				PRODUCT_BUNDLE_IDENTIFIER = ChenXu.BabyHealthTests;
				PRODUCT_NAME = "$(TARGET_NAME)";
				TEST_HOST = "$(BUILT_PRODUCTS_DIR)/BabyHealth.app/BabyHealth";
			};
			name = Release;
		};
		2D63AD601C4A15AE00C3A1AE /* Debug */ = {
			isa = XCBuildConfiguration;
			buildSettings = {
				INFOPLIST_FILE = BabyHealthUITests/Info.plist;
				LD_RUNPATH_SEARCH_PATHS = "$(inherited) @executable_path/Frameworks @loader_path/Frameworks";
				PRODUCT_BUNDLE_IDENTIFIER = ChenXu.BabyHealthUITests;
				PRODUCT_NAME = "$(TARGET_NAME)";
				TEST_TARGET_NAME = BabyHealth;
				USES_XCTRUNNER = YES;
			};
			name = Debug;
		};
		2D63AD611C4A15AE00C3A1AE /* Release */ = {
			isa = XCBuildConfiguration;
			buildSettings = {
				INFOPLIST_FILE = BabyHealthUITests/Info.plist;
				LD_RUNPATH_SEARCH_PATHS = "$(inherited) @executable_path/Frameworks @loader_path/Frameworks";
				PRODUCT_BUNDLE_IDENTIFIER = ChenXu.BabyHealthUITests;
				PRODUCT_NAME = "$(TARGET_NAME)";
				TEST_TARGET_NAME = BabyHealth;
				USES_XCTRUNNER = YES;
			};
			name = Release;
		};
/* End XCBuildConfiguration section */

/* Begin XCConfigurationList section */
		2D63AD271C4A15AD00C3A1AE /* Build configuration list for PBXProject "BabyHealth" */ = {
			isa = XCConfigurationList;
			buildConfigurations = (
				2D63AD571C4A15AE00C3A1AE /* Debug */,
				2D63AD581C4A15AE00C3A1AE /* Release */,
			);
			defaultConfigurationIsVisible = 0;
			defaultConfigurationName = Release;
		};
		2D63AD591C4A15AE00C3A1AE /* Build configuration list for PBXNativeTarget "BabyHealth" */ = {
			isa = XCConfigurationList;
			buildConfigurations = (
				2D63AD5A1C4A15AE00C3A1AE /* Debug */,
				2D63AD5B1C4A15AE00C3A1AE /* Release */,
			);
			defaultConfigurationIsVisible = 0;
			defaultConfigurationName = Release;
		};
		2D63AD5C1C4A15AE00C3A1AE /* Build configuration list for PBXNativeTarget "BabyHealthTests" */ = {
			isa = XCConfigurationList;
			buildConfigurations = (
				2D63AD5D1C4A15AE00C3A1AE /* Debug */,
				2D63AD5E1C4A15AE00C3A1AE /* Release */,
			);
			defaultConfigurationIsVisible = 0;
			defaultConfigurationName = Release;
		};
		2D63AD5F1C4A15AE00C3A1AE /* Build configuration list for PBXNativeTarget "BabyHealthUITests" */ = {
			isa = XCConfigurationList;
			buildConfigurations = (
				2D63AD601C4A15AE00C3A1AE /* Debug */,
				2D63AD611C4A15AE00C3A1AE /* Release */,
			);
			defaultConfigurationIsVisible = 0;
			defaultConfigurationName = Release;
		};
/* End XCConfigurationList section */
	};
	rootObject = 2D63AD241C4A15AD00C3A1AE /* Project object */;
}
